// !$*UTF8*$!
{
	archiveVersion = 1;
	classes = {
	};
	objectVersion = 56;
	objects = {

/* Begin PBXBuildFile section */
		3254CF222A201863000AD1BA /* FanMenuViewUIKit.swift in Sources */ = {isa = PBXBuildFile; fileRef = 3254CF212A201863000AD1BA /* FanMenuViewUIKit.swift */; };
		3254CF262A20B446000AD1BA /* MainView.swift in Sources */ = {isa = PBXBuildFile; fileRef = 3254CF252A20B446000AD1BA /* MainView.swift */; };
		325861DF2A1BB1700023F10E /* FanMenuComponentApp.swift in Sources */ = {isa = PBXBuildFile; fileRef = 325861DE2A1BB1700023F10E /* FanMenuComponentApp.swift */; };
		325861E12A1BB1700023F10E /* ContentView.swift in Sources */ = {isa = PBXBuildFile; fileRef = 325861E02A1BB1700023F10E /* ContentView.swift */; };
		325861E32A1BB1710023F10E /* Assets.xcassets in Resources */ = {isa = PBXBuildFile; fileRef = 325861E22A1BB1710023F10E /* Assets.xcassets */; };
		325861E62A1BB1710023F10E /* Preview Assets.xcassets in Resources */ = {isa = PBXBuildFile; fileRef = 325861E52A1BB1710023F10E /* Preview Assets.xcassets */; };
		32C1DEF42A1F73A000DA9978 /* MockAppView.swift in Sources */ = {isa = PBXBuildFile; fileRef = 32C1DEF32A1F73A000DA9978 /* MockAppView.swift */; };
		32C1DEF62A1F889D00DA9978 /* TilesView.swift in Sources */ = {isa = PBXBuildFile; fileRef = 32C1DEF52A1F889D00DA9978 /* TilesView.swift */; };
		32C1DEF82A1F8E1500DA9978 /* UIStyle.swift in Sources */ = {isa = PBXBuildFile; fileRef = 32C1DEF72A1F8E1500DA9978 /* UIStyle.swift */; };
		32C1DEFA2A1F90B100DA9978 /* GraphView.swift in Sources */ = {isa = PBXBuildFile; fileRef = 32C1DEF92A1F90B100DA9978 /* GraphView.swift */; };
/* End PBXBuildFile section */

/* Begin PBXFileReference section */
		3254CF212A201863000AD1BA /* FanMenuViewUIKit.swift */ = {isa = PBXFileReference; lastKnownFileType = sourcecode.swift; path = FanMenuViewUIKit.swift; sourceTree = "<group>"; };
		3254CF252A20B446000AD1BA /* MainView.swift */ = {isa = PBXFileReference; lastKnownFileType = sourcecode.swift; path = MainView.swift; sourceTree = "<group>"; };
		325861DB2A1BB1700023F10E /* FanMenuComponent.app */ = {isa = PBXFileReference; explicitFileType = wrapper.application; includeInIndex = 0; path = FanMenuComponent.app; sourceTree = BUILT_PRODUCTS_DIR; };
		325861DE2A1BB1700023F10E /* FanMenuComponentApp.swift */ = {isa = PBXFileReference; lastKnownFileType = sourcecode.swift; path = FanMenuComponentApp.swift; sourceTree = "<group>"; };
		325861E02A1BB1700023F10E /* ContentView.swift */ = {isa = PBXFileReference; lastKnownFileType = sourcecode.swift; path = ContentView.swift; sourceTree = "<group>"; };
		325861E22A1BB1710023F10E /* Assets.xcassets */ = {isa = PBXFileReference; lastKnownFileType = folder.assetcatalog; path = Assets.xcassets; sourceTree = "<group>"; };
		325861E52A1BB1710023F10E /* Preview Assets.xcassets */ = {isa = PBXFileReference; lastKnownFileType = folder.assetcatalog; path = "Preview Assets.xcassets"; sourceTree = "<group>"; };
		32C1DEF32A1F73A000DA9978 /* MockAppView.swift */ = {isa = PBXFileReference; lastKnownFileType = sourcecode.swift; path = MockAppView.swift; sourceTree = "<group>"; };
		32C1DEF52A1F889D00DA9978 /* TilesView.swift */ = {isa = PBXFileReference; lastKnownFileType = sourcecode.swift; path = TilesView.swift; sourceTree = "<group>"; };
		32C1DEF72A1F8E1500DA9978 /* UIStyle.swift */ = {isa = PBXFileReference; lastKnownFileType = sourcecode.swift; path = UIStyle.swift; sourceTree = "<group>"; };
		32C1DEF92A1F90B100DA9978 /* GraphView.swift */ = {isa = PBXFileReference; lastKnownFileType = sourcecode.swift; path = GraphView.swift; sourceTree = "<group>"; };
/* End PBXFileReference section */

/* Begin PBXFrameworksBuildPhase section */
		325861D82A1BB1700023F10E /* Frameworks */ = {
			isa = PBXFrameworksBuildPhase;
			buildActionMask = 2147483647;
			files = (
			);
			runOnlyForDeploymentPostprocessing = 0;
		};
/* End PBXFrameworksBuildPhase section */

/* Begin PBXGroup section */
		325861D22A1BB1700023F10E = {
			isa = PBXGroup;
			children = (
				325861DD2A1BB1700023F10E /* FanMenuComponent */,
				325861DC2A1BB1700023F10E /* Products */,
			);
			sourceTree = "<group>";
		};
		325861DC2A1BB1700023F10E /* Products */ = {
			isa = PBXGroup;
			children = (
				325861DB2A1BB1700023F10E /* FanMenuComponent.app */,
			);
			name = Products;
			sourceTree = "<group>";
		};
		325861DD2A1BB1700023F10E /* FanMenuComponent */ = {
			isa = PBXGroup;
			children = (
				32C1DEF72A1F8E1500DA9978 /* UIStyle.swift */,
				325861DE2A1BB1700023F10E /* FanMenuComponentApp.swift */,
				325861E02A1BB1700023F10E /* ContentView.swift */,
				3254CF252A20B446000AD1BA /* MainView.swift */,
				32C1DEF52A1F889D00DA9978 /* TilesView.swift */,
				32C1DEF32A1F73A000DA9978 /* MockAppView.swift */,
				32C1DEF92A1F90B100DA9978 /* GraphView.swift */,
				3254CF212A201863000AD1BA /* FanMenuViewUIKit.swift */,
				325861E22A1BB1710023F10E /* Assets.xcassets */,
				325861E42A1BB1710023F10E /* Preview Content */,
			);
			path = FanMenuComponent;
			sourceTree = "<group>";
		};
		325861E42A1BB1710023F10E /* Preview Content */ = {
			isa = PBXGroup;
			children = (
				325861E52A1BB1710023F10E /* Preview Assets.xcassets */,
			);
			path = "Preview Content";
			sourceTree = "<group>";
		};
/* End PBXGroup section */

/* Begin PBXNativeTarget section */
		325861DA2A1BB1700023F10E /* FanMenuComponent */ = {
			isa = PBXNativeTarget;
			buildConfigurationList = 325861E92A1BB1710023F10E /* Build configuration list for PBXNativeTarget "FanMenuComponent" */;
			buildPhases = (
				325861D72A1BB1700023F10E /* Sources */,
				325861D82A1BB1700023F10E /* Frameworks */,
				325861D92A1BB1700023F10E /* Resources */,
			);
			buildRules = (
			);
			dependencies = (
			);
			name = FanMenuComponent;
			productName = FanMenuComponent;
			productReference = 325861DB2A1BB1700023F10E /* FanMenuComponent.app */;
			productType = "com.apple.product-type.application";
		};
/* End PBXNativeTarget section */

/* Begin PBXProject section */
		325861D32A1BB1700023F10E /* Project object */ = {
			isa = PBXProject;
			attributes = {
				BuildIndependentTargetsInParallel = 1;
				LastSwiftUpdateCheck = 1430;
				LastUpgradeCheck = 1430;
				TargetAttributes = {
					325861DA2A1BB1700023F10E = {
						CreatedOnToolsVersion = 14.3;
					};
				};
			};
			buildConfigurationList = 325861D62A1BB1700023F10E /* Build configuration list for PBXProject "FanMenuComponent" */;
			compatibilityVersion = "Xcode 14.0";
			developmentRegion = en;
			hasScannedForEncodings = 0;
			knownRegions = (
				en,
				Base,
			);
			mainGroup = 325861D22A1BB1700023F10E;
			productRefGroup = 325861DC2A1BB1700023F10E /* Products */;
			projectDirPath = "";
			projectRoot = "";
			targets = (
				325861DA2A1BB1700023F10E /* FanMenuComponent */,
			);
		};
/* End PBXProject section */

/* Begin PBXResourcesBuildPhase section */
		325861D92A1BB1700023F10E /* Resources */ = {
			isa = PBXResourcesBuildPhase;
			buildActionMask = 2147483647;
			files = (
				325861E62A1BB1710023F10E /* Preview Assets.xcassets in Resources */,
				325861E32A1BB1710023F10E /* Assets.xcassets in Resources */,
			);
			runOnlyForDeploymentPostprocessing = 0;
		};
/* End PBXResourcesBuildPhase section */

/* Begin PBXSourcesBuildPhase section */
		325861D72A1BB1700023F10E /* Sources */ = {
			isa = PBXSourcesBuildPhase;
			buildActionMask = 2147483647;
			files = (
				325861E12A1BB1700023F10E /* ContentView.swift in Sources */,
				32C1DEF62A1F889D00DA9978 /* TilesView.swift in Sources */,
				32C1DEFA2A1F90B100DA9978 /* GraphView.swift in Sources */,
				3254CF262A20B446000AD1BA /* MainView.swift in Sources */,
				3254CF222A201863000AD1BA /* FanMenuViewUIKit.swift in Sources */,
				32C1DEF42A1F73A000DA9978 /* MockAppView.swift in Sources */,
				325861DF2A1BB1700023F10E /* FanMenuComponentApp.swift in Sources */,
				32C1DEF82A1F8E1500DA9978 /* UIStyle.swift in Sources */,
			);
			runOnlyForDeploymentPostprocessing = 0;
		};
/* End PBXSourcesBuildPhase section */

/* Begin XCBuildConfiguration section */
		325861E72A1BB1710023F10E /* Debug */ = {
			isa = XCBuildConfiguration;
			buildSettings = {
				ALWAYS_SEARCH_USER_PATHS = NO;
				CLANG_ANALYZER_NONNULL = YES;
				CLANG_ANALYZER_NUMBER_OBJECT_CONVERSION = YES_AGGRESSIVE;
				CLANG_CXX_LANGUAGE_STANDARD = "gnu++20";
				CLANG_ENABLE_MODULES = YES;
				CLANG_ENABLE_OBJC_ARC = YES;
				CLANG_ENABLE_OBJC_WEAK = YES;
				CLANG_WARN_BLOCK_CAPTURE_AUTORELEASING = YES;
				CLANG_WARN_BOOL_CONVERSION = YES;
				CLANG_WARN_COMMA = YES;
				CLANG_WARN_CONSTANT_CONVERSION = YES;
				CLANG_WARN_DEPRECATED_OBJC_IMPLEMENTATIONS = YES;
				CLANG_WARN_DIRECT_OBJC_ISA_USAGE = YES_ERROR;
				CLANG_WARN_DOCUMENTATION_COMMENTS = YES;
				CLANG_WARN_EMPTY_BODY = YES;
				CLANG_WARN_ENUM_CONVERSION = YES;
				CLANG_WARN_INFINITE_RECURSION = YES;
				CLANG_WARN_INT_CONVERSION = YES;
				CLANG_WARN_NON_LITERAL_NULL_CONVERSION = YES;
				CLANG_WARN_OBJC_IMPLICIT_RETAIN_SELF = YES;
				CLANG_WARN_OBJC_LITERAL_CONVERSION = YES;
				CLANG_WARN_OBJC_ROOT_CLASS = YES_ERROR;
				CLANG_WARN_QUOTED_INCLUDE_IN_FRAMEWORK_HEADER = YES;
				CLANG_WARN_RANGE_LOOP_ANALYSIS = YES;
				CLANG_WARN_STRICT_PROTOTYPES = YES;
				CLANG_WARN_SUSPICIOUS_MOVE = YES;
				CLANG_WARN_UNGUARDED_AVAILABILITY = YES_AGGRESSIVE;
				CLANG_WARN_UNREACHABLE_CODE = YES;
				CLANG_WARN__DUPLICATE_METHOD_MATCH = YES;
				COPY_PHASE_STRIP = NO;
				DEBUG_INFORMATION_FORMAT = dwarf;
				ENABLE_STRICT_OBJC_MSGSEND = YES;
				ENABLE_TESTABILITY = YES;
				GCC_C_LANGUAGE_STANDARD = gnu11;
				GCC_DYNAMIC_NO_PIC = NO;
				GCC_NO_COMMON_BLOCKS = YES;
				GCC_OPTIMIZATION_LEVEL = 0;
				GCC_PREPROCESSOR_DEFINITIONS = (
					"DEBUG=1",
					"$(inherited)",
				);
				GCC_WARN_64_TO_32_BIT_CONVERSION = YES;
				GCC_WARN_ABOUT_RETURN_TYPE = YES_ERROR;
				GCC_WARN_UNDECLARED_SELECTOR = YES;
				GCC_WARN_UNINITIALIZED_AUTOS = YES_AGGRESSIVE;
				GCC_WARN_UNUSED_FUNCTION = YES;
				GCC_WARN_UNUSED_VARIABLE = YES;
				IPHONEOS_DEPLOYMENT_TARGET = 16.4;
				MTL_ENABLE_DEBUG_INFO = INCLUDE_SOURCE;
				MTL_FAST_MATH = YES;
				ONLY_ACTIVE_ARCH = YES;
				SDKROOT = iphoneos;
				SWIFT_ACTIVE_COMPILATION_CONDITIONS = DEBUG;
				SWIFT_OPTIMIZATION_LEVEL = "-Onone";
			};
			name = Debug;
		};
		325861E82A1BB1710023F10E /* Release */ = {
			isa = XCBuildConfiguration;
			buildSettings = {
				ALWAYS_SEARCH_USER_PATHS = NO;
				CLANG_ANALYZER_NONNULL = YES;
				CLANG_ANALYZER_NUMBER_OBJECT_CONVERSION = YES_AGGRESSIVE;
				CLANG_CXX_LANGUAGE_STANDARD = "gnu++20";
				CLANG_ENABLE_MODULES = YES;
				CLANG_ENABLE_OBJC_ARC = YES;
				CLANG_ENABLE_OBJC_WEAK = YES;
				CLANG_WARN_BLOCK_CAPTURE_AUTORELEASING = YES;
				CLANG_WARN_BOOL_CONVERSION = YES;
				CLANG_WARN_COMMA = YES;
				CLANG_WARN_CONSTANT_CONVERSION = YES;
				CLANG_WARN_DEPRECATED_OBJC_IMPLEMENTATIONS = YES;
				CLANG_WARN_DIRECT_OBJC_ISA_USAGE = YES_ERROR;
				CLANG_WARN_DOCUMENTATION_COMMENTS = YES;
				CLANG_WARN_EMPTY_BODY = YES;
				CLANG_WARN_ENUM_CONVERSION = YES;
				CLANG_WARN_INFINITE_RECURSION = YES;
				CLANG_WARN_INT_CONVERSION = YES;
				CLANG_WARN_NON_LITERAL_NULL_CONVERSION = YES;
				CLANG_WARN_OBJC_IMPLICIT_RETAIN_SELF = YES;
				CLANG_WARN_OBJC_LITERAL_CONVERSION = YES;
				CLANG_WARN_OBJC_ROOT_CLASS = YES_ERROR;
				CLANG_WARN_QUOTED_INCLUDE_IN_FRAMEWORK_HEADER = YES;
				CLANG_WARN_RANGE_LOOP_ANALYSIS = YES;
				CLANG_WARN_STRICT_PROTOTYPES = YES;
				CLANG_WARN_SUSPICIOUS_MOVE = YES;
				CLANG_WARN_UNGUARDED_AVAILABILITY = YES_AGGRESSIVE;
				CLANG_WARN_UNREACHABLE_CODE = YES;
				CLANG_WARN__DUPLICATE_METHOD_MATCH = YES;
				COPY_PHASE_STRIP = NO;
				DEBUG_INFORMATION_FORMAT = "dwarf-with-dsym";
				ENABLE_NS_ASSERTIONS = NO;
				ENABLE_STRICT_OBJC_MSGSEND = YES;
				GCC_C_LANGUAGE_STANDARD = gnu11;
				GCC_NO_COMMON_BLOCKS = YES;
				GCC_WARN_64_TO_32_BIT_CONVERSION = YES;
				GCC_WARN_ABOUT_RETURN_TYPE = YES_ERROR;
				GCC_WARN_UNDECLARED_SELECTOR = YES;
				GCC_WARN_UNINITIALIZED_AUTOS = YES_AGGRESSIVE;
				GCC_WARN_UNUSED_FUNCTION = YES;
				GCC_WARN_UNUSED_VARIABLE = YES;
				IPHONEOS_DEPLOYMENT_TARGET = 16.4;
				MTL_ENABLE_DEBUG_INFO = NO;
				MTL_FAST_MATH = YES;
				SDKROOT = iphoneos;
				SWIFT_COMPILATION_MODE = wholemodule;
				SWIFT_OPTIMIZATION_LEVEL = "-O";
				VALIDATE_PRODUCT = YES;
			};
			name = Release;
		};
		325861EA2A1BB1710023F10E /* Debug */ = {
			isa = XCBuildConfiguration;
			buildSettings = {
				ASSETCATALOG_COMPILER_APPICON_NAME = AppIcon;
				ASSETCATALOG_COMPILER_GLOBAL_ACCENT_COLOR_NAME = AccentColor;
				CODE_SIGN_STYLE = Automatic;
				CURRENT_PROJECT_VERSION = 1;
				DEVELOPMENT_ASSET_PATHS = "\"FanMenuComponent/Preview Content\"";
				DEVELOPMENT_TEAM = FXYZH4KYS4;
				ENABLE_PREVIEWS = YES;
				GENERATE_INFOPLIST_FILE = YES;
				INFOPLIST_KEY_UIApplicationSceneManifest_Generation = YES;
				INFOPLIST_KEY_UIApplicationSupportsIndirectInputEvents = YES;
				INFOPLIST_KEY_UILaunchScreen_Generation = YES;
				INFOPLIST_KEY_UISupportedInterfaceOrientations = UIInterfaceOrientationPortrait;
				LD_RUNPATH_SEARCH_PATHS = (
					"$(inherited)",
					"@executable_path/Frameworks",
				);
				MARKETING_VERSION = 1.0;
				PRODUCT_BUNDLE_IDENTIFIER = com.bluepocket.FanMenuComponent;
				PRODUCT_NAME = "$(TARGET_NAME)";
				SUPPORTED_PLATFORMS = "iphoneos iphonesimulator";
				SUPPORTS_MACCATALYST = NO;
				SUPPORTS_MAC_DESIGNED_FOR_IPHONE_IPAD = NO;
				SWIFT_EMIT_LOC_STRINGS = YES;
				SWIFT_VERSION = 5.0;
				TARGETED_DEVICE_FAMILY = 1;
			};
			name = Debug;
		};
		325861EB2A1BB1710023F10E /* Release */ = {
			isa = XCBuildConfiguration;
			buildSettings = {
				ASSETCATALOG_COMPILER_APPICON_NAME = AppIcon;
				ASSETCATALOG_COMPILER_GLOBAL_ACCENT_COLOR_NAME = AccentColor;
				CODE_SIGN_STYLE = Automatic;
				CURRENT_PROJECT_VERSION = 1;
				DEVELOPMENT_ASSET_PATHS = "\"FanMenuComponent/Preview Content\"";
				DEVELOPMENT_TEAM = FXYZH4KYS4;
				ENABLE_PREVIEWS = YES;
				GENERATE_INFOPLIST_FILE = YES;
				INFOPLIST_KEY_UIApplicationSceneManifest_Generation = YES;
				INFOPLIST_KEY_UIApplicationSupportsIndirectInputEvents = YES;
				INFOPLIST_KEY_UILaunchScreen_Generation = YES;
				INFOPLIST_KEY_UISupportedInterfaceOrientations = UIInterfaceOrientationPortrait;
				LD_RUNPATH_SEARCH_PATHS = (
					"$(inherited)",
					"@executable_path/Frameworks",
				);
				MARKETING_VERSION = 1.0;
				PRODUCT_BUNDLE_IDENTIFIER = com.bluepocket.FanMenuComponent;
				PRODUCT_NAME = "$(TARGET_NAME)";
				SUPPORTED_PLATFORMS = "iphoneos iphonesimulator";
				SUPPORTS_MACCATALYST = NO;
				SUPPORTS_MAC_DESIGNED_FOR_IPHONE_IPAD = NO;
				SWIFT_EMIT_LOC_STRINGS = YES;
				SWIFT_VERSION = 5.0;
				TARGETED_DEVICE_FAMILY = 1;
			};
			name = Release;
		};
/* End XCBuildConfiguration section */

/* Begin XCConfigurationList section */
		325861D62A1BB1700023F10E /* Build configuration list for PBXProject "FanMenuComponent" */ = {
			isa = XCConfigurationList;
			buildConfigurations = (
				325861E72A1BB1710023F10E /* Debug */,
				325861E82A1BB1710023F10E /* Release */,
			);
			defaultConfigurationIsVisible = 0;
			defaultConfigurationName = Release;
		};
		325861E92A1BB1710023F10E /* Build configuration list for PBXNativeTarget "FanMenuComponent" */ = {
			isa = XCConfigurationList;
			buildConfigurations = (
				325861EA2A1BB1710023F10E /* Debug */,
				325861EB2A1BB1710023F10E /* Release */,
			);
			defaultConfigurationIsVisible = 0;
			defaultConfigurationName = Release;
		};
/* End XCConfigurationList section */
	};
	rootObject = 325861D32A1BB1700023F10E /* Project object */;
}
